{
  "name": "rft-backup-prototype",
  "version": "0.1.0",
  "lockfileVersion": 3,
  "requires": true,
  "packages": {
    "": {
      "name": "rft-backup-prototype",
      "version": "0.1.0",
      "dependencies": {
        "ssh2-sftp-client": "^12.1.1"
      },
      "engines": {
        "node": ">=20"
      }
    },
    "node_modules/ssh2-sftp-client": {
      "version": "12.1.1",
      "resolved": "https://registry.npmjs.org/ssh2-sftp-client/-/ssh2-sftp-client-12.1.1.tgz",
      "dependencies": {
        "concat-stream": "^2.0.0",
        "ssh2": "^1.16.0"
      },
      "engines": {
        "node": ">=20.0.0"
      }
    }
  }
}
